
Microsoft Visual Studio Solution File, Format Version 12.00
# Visual Studio 14
VisualStudioVersion = 14.0.23107.0
MinimumVisualStudioVersion = 10.0.40219.1
Project("{262852C6-CD72-467D-83FE-5EEB1973A190}") = "Tutor_4", "Tutor_4\Tutor_4.jsproj", "{1E844B9E-B590-4341-89B9-CCDB87F7C375}"
EndProject
Project("{262852C6-CD72-467D-83FE-5EEB1973A190}") = "IonicCordova_test", "IonicCordova_test\IonicCordova_test.jsproj", "{AD3CE32B-152C-404B-BD65-F25B5D5B6AAF}"
EndProject
Project("{262852C6-CD72-467D-83FE-5EEB1973A190}") = "MyCordovaApp1", "MyCordovaApp1\MyCordovaApp1.jsproj", "{DB33E3AA-BD3B-4461-851D-BDE888335AF2}"
EndProject
Project("{E24C65DC-7377-472B-9ABA-BC803B73C61A}") = "www", "www\", "{0562AA10-4271-46D5-9B04-0D5555756975}"
	ProjectSection(WebsiteProperties) = preProject
		TargetFrameworkMoniker = ".NETFramework,Version%3Dv4.6"
		Debug.AspNetCompiler.VirtualPath = "/localhost_30229"
		Debug.AspNetCompiler.PhysicalPath = "www\"
		Debug.AspNetCompiler.TargetPath = "PrecompiledWeb\localhost_30229\"
		Debug.AspNetCompiler.Updateable = "true"
		Debug.AspNetCompiler.ForceOverwrite = "true"
		Debug.AspNetCompiler.FixedNames = "false"
		Debug.AspNetCompiler.Debug = "True"
		Release.AspNetCompiler.VirtualPath = "/localhost_30229"
		Release.AspNetCompiler.PhysicalPath = "www\"
		Release.AspNetCompiler.TargetPath = "PrecompiledWeb\localhost_30229\"
		Release.AspNetCompiler.Updateable = "true"
		Release.AspNetCompiler.ForceOverwrite = "true"
		Release.AspNetCompiler.FixedNames = "false"
		Release.AspNetCompiler.Debug = "False"
		VWDPort = "30229"
		SlnRelativePath = "www\"
		DefaultWebSiteLanguage = "Visual C#"
	EndProjectSection
EndProject
Global
	GlobalSection(SolutionConfigurationPlatforms) = preSolution
		Debug|Android = Debug|Android
		Debug|Any CPU = Debug|Any CPU
		Debug|iOS = Debug|iOS
		Debug|Windows Phone (Universal) = Debug|Windows Phone (Universal)
		Debug|Windows Phone 8 = Debug|Windows Phone 8
		Debug|Windows-AnyCPU = Debug|Windows-AnyCPU
		Debug|Windows-ARM = Debug|Windows-ARM
		Debug|Windows-x64 = Debug|Windows-x64
		Debug|Windows-x86 = Debug|Windows-x86
		Release|Android = Release|Android
		Release|Any CPU = Release|Any CPU
		Release|iOS = Release|iOS
		Release|Windows Phone (Universal) = Release|Windows Phone (Universal)
		Release|Windows Phone 8 = Release|Windows Phone 8
		Release|Windows-AnyCPU = Release|Windows-AnyCPU
		Release|Windows-ARM = Release|Windows-ARM
		Release|Windows-x64 = Release|Windows-x64
		Release|Windows-x86 = Release|Windows-x86
	EndGlobalSection
	GlobalSection(ProjectConfigurationPlatforms) = postSolution
		{1E844B9E-B590-4341-89B9-CCDB87F7C375}.Debug|Android.ActiveCfg = Debug|Android
		{1E844B9E-B590-4341-89B9-CCDB87F7C375}.Debug|Android.Build.0 = Debug|Android
		{1E844B9E-B590-4341-89B9-CCDB87F7C375}.Debug|Android.Deploy.0 = Debug|Android
		{1E844B9E-B590-4341-89B9-CCDB87F7C375}.Debug|Any CPU.ActiveCfg = Debug|Android
		{1E844B9E-B590-4341-89B9-CCDB87F7C375}.Debug|iOS.ActiveCfg = Debug|iOS
		{1E844B9E-B590-4341-89B9-CCDB87F7C375}.Debug|iOS.Build.0 = Debug|iOS
		{1E844B9E-B590-4341-89B9-CCDB87F7C375}.Debug|iOS.Deploy.0 = Debug|iOS
		{1E844B9E-B590-4341-89B9-CCDB87F7C375}.Debug|Windows Phone (Universal).ActiveCfg = Debug|Windows Phone (Universal)
		{1E844B9E-B590-4341-89B9-CCDB87F7C375}.Debug|Windows Phone (Universal).Build.0 = Debug|Windows Phone (Universal)
		{1E844B9E-B590-4341-89B9-CCDB87F7C375}.Debug|Windows Phone (Universal).Deploy.0 = Debug|Windows Phone (Universal)
		{1E844B9E-B590-4341-89B9-CCDB87F7C375}.Debug|Windows Phone 8.ActiveCfg = Debug|Windows Phone 8
		{1E844B9E-B590-4341-89B9-CCDB87F7C375}.Debug|Windows Phone 8.Build.0 = Debug|Windows Phone 8
		{1E844B9E-B590-4341-89B9-CCDB87F7C375}.Debug|Windows Phone 8.Deploy.0 = Debug|Windows Phone 8
		{1E844B9E-B590-4341-89B9-CCDB87F7C375}.Debug|Windows-AnyCPU.ActiveCfg = Debug|Windows-AnyCPU
		{1E844B9E-B590-4341-89B9-CCDB87F7C375}.Debug|Windows-AnyCPU.Build.0 = Debug|Windows-AnyCPU
		{1E844B9E-B590-4341-89B9-CCDB87F7C375}.Debug|Windows-AnyCPU.Deploy.0 = Debug|Windows-AnyCPU
		{1E844B9E-B590-4341-89B9-CCDB87F7C375}.Debug|Windows-ARM.ActiveCfg = Debug|Windows-ARM
		{1E844B9E-B590-4341-89B9-CCDB87F7C375}.Debug|Windows-ARM.Build.0 = Debug|Windows-ARM
		{1E844B9E-B590-4341-89B9-CCDB87F7C375}.Debug|Windows-ARM.Deploy.0 = Debug|Windows-ARM
		{1E844B9E-B590-4341-89B9-CCDB87F7C375}.Debug|Windows-x64.ActiveCfg = Debug|Windows-x64
		{1E844B9E-B590-4341-89B9-CCDB87F7C375}.Debug|Windows-x64.Build.0 = Debug|Windows-x64
		{1E844B9E-B590-4341-89B9-CCDB87F7C375}.Debug|Windows-x64.Deploy.0 = Debug|Windows-x64
		{1E844B9E-B590-4341-89B9-CCDB87F7C375}.Debug|Windows-x86.ActiveCfg = Debug|Windows-x86
		{1E844B9E-B590-4341-89B9-CCDB87F7C375}.Debug|Windows-x86.Build.0 = Debug|Windows-x86
		{1E844B9E-B590-4341-89B9-CCDB87F7C375}.Debug|Windows-x86.Deploy.0 = Debug|Windows-x86
		{1E844B9E-B590-4341-89B9-CCDB87F7C375}.Release|Android.ActiveCfg = Release|Android
		{1E844B9E-B590-4341-89B9-CCDB87F7C375}.Release|Android.Build.0 = Release|Android
		{1E844B9E-B590-4341-89B9-CCDB87F7C375}.Release|Android.Deploy.0 = Release|Android
		{1E844B9E-B590-4341-89B9-CCDB87F7C375}.Release|Any CPU.ActiveCfg = Release|Android
		{1E844B9E-B590-4341-89B9-CCDB87F7C375}.Release|iOS.ActiveCfg = Release|iOS
		{1E844B9E-B590-4341-89B9-CCDB87F7C375}.Release|iOS.Build.0 = Release|iOS
		{1E844B9E-B590-4341-89B9-CCDB87F7C375}.Release|iOS.Deploy.0 = Release|iOS
		{1E844B9E-B590-4341-89B9-CCDB87F7C375}.Release|Windows Phone (Universal).ActiveCfg = Release|Windows Phone (Universal)
		{1E844B9E-B590-4341-89B9-CCDB87F7C375}.Release|Windows Phone (Universal).Build.0 = Release|Windows Phone (Universal)
		{1E844B9E-B590-4341-89B9-CCDB87F7C375}.Release|Windows Phone (Universal).Deploy.0 = Release|Windows Phone (Universal)
		{1E844B9E-B590-4341-89B9-CCDB87F7C375}.Release|Windows Phone 8.ActiveCfg = Release|Windows Phone 8
		{1E844B9E-B590-4341-89B9-CCDB87F7C375}.Release|Windows Phone 8.Build.0 = Release|Windows Phone 8
		{1E844B9E-B590-4341-89B9-CCDB87F7C375}.Release|Windows Phone 8.Deploy.0 = Release|Windows Phone 8
		{1E844B9E-B590-4341-89B9-CCDB87F7C375}.Release|Windows-AnyCPU.ActiveCfg = Release|Windows-AnyCPU
		{1E844B9E-B590-4341-89B9-CCDB87F7C375}.Release|Windows-AnyCPU.Build.0 = Release|Windows-AnyCPU
		{1E844B9E-B590-4341-89B9-CCDB87F7C375}.Release|Windows-AnyCPU.Deploy.0 = Release|Windows-AnyCPU
		{1E844B9E-B590-4341-89B9-CCDB87F7C375}.Release|Windows-ARM.ActiveCfg = Release|Windows-ARM
		{1E844B9E-B590-4341-89B9-CCDB87F7C375}.Release|Windows-ARM.Build.0 = Release|Windows-ARM
		{1E844B9E-B590-4341-89B9-CCDB87F7C375}.Release|Windows-ARM.Deploy.0 = Release|Windows-ARM
		{1E844B9E-B590-4341-89B9-CCDB87F7C375}.Release|Windows-x64.ActiveCfg = Release|Windows-x64
		{1E844B9E-B590-4341-89B9-CCDB87F7C375}.Release|Windows-x64.Build.0 = Release|Windows-x64
		{1E844B9E-B590-4341-89B9-CCDB87F7C375}.Release|Windows-x64.Deploy.0 = Release|Windows-x64
		{1E844B9E-B590-4341-89B9-CCDB87F7C375}.Release|Windows-x86.ActiveCfg = Release|Windows-x86
		{1E844B9E-B590-4341-89B9-CCDB87F7C375}.Release|Windows-x86.Build.0 = Release|Windows-x86
		{1E844B9E-B590-4341-89B9-CCDB87F7C375}.Release|Windows-x86.Deploy.0 = Release|Windows-x86
		{AD3CE32B-152C-404B-BD65-F25B5D5B6AAF}.Debug|Android.ActiveCfg = Debug|Android
		{AD3CE32B-152C-404B-BD65-F25B5D5B6AAF}.Debug|Android.Build.0 = Debug|Android
		{AD3CE32B-152C-404B-BD65-F25B5D5B6AAF}.Debug|Android.Deploy.0 = Debug|Android
		{AD3CE32B-152C-404B-BD65-F25B5D5B6AAF}.Debug|Any CPU.ActiveCfg = Debug|Android
		{AD3CE32B-152C-404B-BD65-F25B5D5B6AAF}.Debug|iOS.ActiveCfg = Debug|iOS
		{AD3CE32B-152C-404B-BD65-F25B5D5B6AAF}.Debug|iOS.Build.0 = Debug|iOS
		{AD3CE32B-152C-404B-BD65-F25B5D5B6AAF}.Debug|iOS.Deploy.0 = Debug|iOS
		{AD3CE32B-152C-404B-BD65-F25B5D5B6AAF}.Debug|Windows Phone (Universal).ActiveCfg = Debug|Windows Phone (Universal)
		{AD3CE32B-152C-404B-BD65-F25B5D5B6AAF}.Debug|Windows Phone (Universal).Build.0 = Debug|Windows Phone (Universal)
		{AD3CE32B-152C-404B-BD65-F25B5D5B6AAF}.Debug|Windows Phone (Universal).Deploy.0 = Debug|Windows Phone (Universal)
		{AD3CE32B-152C-404B-BD65-F25B5D5B6AAF}.Debug|Windows Phone 8.ActiveCfg = Debug|Windows Phone 8
		{AD3CE32B-152C-404B-BD65-F25B5D5B6AAF}.Debug|Windows Phone 8.Build.0 = Debug|Windows Phone 8
		{AD3CE32B-152C-404B-BD65-F25B5D5B6AAF}.Debug|Windows Phone 8.Deploy.0 = Debug|Windows Phone 8
		{AD3CE32B-152C-404B-BD65-F25B5D5B6AAF}.Debug|Windows-AnyCPU.ActiveCfg = Debug|Windows-AnyCPU
		{AD3CE32B-152C-404B-BD65-F25B5D5B6AAF}.Debug|Windows-AnyCPU.Build.0 = Debug|Windows-AnyCPU
		{AD3CE32B-152C-404B-BD65-F25B5D5B6AAF}.Debug|Windows-AnyCPU.Deploy.0 = Debug|Windows-AnyCPU
		{AD3CE32B-152C-404B-BD65-F25B5D5B6AAF}.Debug|Windows-ARM.ActiveCfg = Debug|Windows-ARM
		{AD3CE32B-152C-404B-BD65-F25B5D5B6AAF}.Debug|Windows-ARM.Build.0 = Debug|Windows-ARM
		{AD3CE32B-152C-404B-BD65-F25B5D5B6AAF}.Debug|Windows-ARM.Deploy.0 = Debug|Windows-ARM
		{AD3CE32B-152C-404B-BD65-F25B5D5B6AAF}.Debug|Windows-x64.ActiveCfg = Debug|Windows-x64
		{AD3CE32B-152C-404B-BD65-F25B5D5B6AAF}.Debug|Windows-x64.Build.0 = Debug|Windows-x64
		{AD3CE32B-152C-404B-BD65-F25B5D5B6AAF}.Debug|Windows-x64.Deploy.0 = Debug|Windows-x64
		{AD3CE32B-152C-404B-BD65-F25B5D5B6AAF}.Debug|Windows-x86.ActiveCfg = Debug|Windows-x86
		{AD3CE32B-152C-404B-BD65-F25B5D5B6AAF}.Debug|Windows-x86.Build.0 = Debug|Windows-x86
		{AD3CE32B-152C-404B-BD65-F25B5D5B6AAF}.Debug|Windows-x86.Deploy.0 = Debug|Windows-x86
		{AD3CE32B-152C-404B-BD65-F25B5D5B6AAF}.Release|Android.ActiveCfg = Release|Android
		{AD3CE32B-152C-404B-BD65-F25B5D5B6AAF}.Release|Android.Build.0 = Release|Android
		{AD3CE32B-152C-404B-BD65-F25B5D5B6AAF}.Release|Android.Deploy.0 = Release|Android
		{AD3CE32B-152C-404B-BD65-F25B5D5B6AAF}.Release|Any CPU.ActiveCfg = Release|Android
		{AD3CE32B-152C-404B-BD65-F25B5D5B6AAF}.Release|iOS.ActiveCfg = Release|iOS
		{AD3CE32B-152C-404B-BD65-F25B5D5B6AAF}.Release|iOS.Build.0 = Release|iOS
		{AD3CE32B-152C-404B-BD65-F25B5D5B6AAF}.Release|iOS.Deploy.0 = Release|iOS
		{AD3CE32B-152C-404B-BD65-F25B5D5B6AAF}.Release|Windows Phone (Universal).ActiveCfg = Release|Windows Phone (Universal)
		{AD3CE32B-152C-404B-BD65-F25B5D5B6AAF}.Release|Windows Phone (Universal).Build.0 = Release|Windows Phone (Universal)
		{AD3CE32B-152C-404B-BD65-F25B5D5B6AAF}.Release|Windows Phone (Universal).Deploy.0 = Release|Windows Phone (Universal)
		{AD3CE32B-152C-404B-BD65-F25B5D5B6AAF}.Release|Windows Phone 8.ActiveCfg = Release|Windows Phone 8
		{AD3CE32B-152C-404B-BD65-F25B5D5B6AAF}.Release|Windows Phone 8.Build.0 = Release|Windows Phone 8
		{AD3CE32B-152C-404B-BD65-F25B5D5B6AAF}.Release|Windows Phone 8.Deploy.0 = Release|Windows Phone 8
		{AD3CE32B-152C-404B-BD65-F25B5D5B6AAF}.Release|Windows-AnyCPU.ActiveCfg = Release|Windows-AnyCPU
		{AD3CE32B-152C-404B-BD65-F25B5D5B6AAF}.Release|Windows-AnyCPU.Build.0 = Release|Windows-AnyCPU
		{AD3CE32B-152C-404B-BD65-F25B5D5B6AAF}.Release|Windows-AnyCPU.Deploy.0 = Release|Windows-AnyCPU
		{AD3CE32B-152C-404B-BD65-F25B5D5B6AAF}.Release|Windows-ARM.ActiveCfg = Release|Windows-ARM
		{AD3CE32B-152C-404B-BD65-F25B5D5B6AAF}.Release|Windows-ARM.Build.0 = Release|Windows-ARM
		{AD3CE32B-152C-404B-BD65-F25B5D5B6AAF}.Release|Windows-ARM.Deploy.0 = Release|Windows-ARM
		{AD3CE32B-152C-404B-BD65-F25B5D5B6AAF}.Release|Windows-x64.ActiveCfg = Release|Windows-x64
		{AD3CE32B-152C-404B-BD65-F25B5D5B6AAF}.Release|Windows-x64.Build.0 = Release|Windows-x64
		{AD3CE32B-152C-404B-BD65-F25B5D5B6AAF}.Release|Windows-x64.Deploy.0 = Release|Windows-x64
		{AD3CE32B-152C-404B-BD65-F25B5D5B6AAF}.Release|Windows-x86.ActiveCfg = Release|Windows-x86
		{AD3CE32B-152C-404B-BD65-F25B5D5B6AAF}.Release|Windows-x86.Build.0 = Release|Windows-x86
		{AD3CE32B-152C-404B-BD65-F25B5D5B6AAF}.Release|Windows-x86.Deploy.0 = Release|Windows-x86
		{DB33E3AA-BD3B-4461-851D-BDE888335AF2}.Debug|Android.ActiveCfg = Debug|Android
		{DB33E3AA-BD3B-4461-851D-BDE888335AF2}.Debug|Android.Build.0 = Debug|Android
		{DB33E3AA-BD3B-4461-851D-BDE888335AF2}.Debug|Android.Deploy.0 = Debug|Android
		{DB33E3AA-BD3B-4461-851D-BDE888335AF2}.Debug|Any CPU.ActiveCfg = Debug|Android
		{DB33E3AA-BD3B-4461-851D-BDE888335AF2}.Debug|iOS.ActiveCfg = Debug|iOS
		{DB33E3AA-BD3B-4461-851D-BDE888335AF2}.Debug|iOS.Build.0 = Debug|iOS
		{DB33E3AA-BD3B-4461-851D-BDE888335AF2}.Debug|iOS.Deploy.0 = Debug|iOS
		{DB33E3AA-BD3B-4461-851D-BDE888335AF2}.Debug|Windows Phone (Universal).ActiveCfg = Debug|Windows Phone (Universal)
		{DB33E3AA-BD3B-4461-851D-BDE888335AF2}.Debug|Windows Phone (Universal).Build.0 = Debug|Windows Phone (Universal)
		{DB33E3AA-BD3B-4461-851D-BDE888335AF2}.Debug|Windows Phone (Universal).Deploy.0 = Debug|Windows Phone (Universal)
		{DB33E3AA-BD3B-4461-851D-BDE888335AF2}.Debug|Windows Phone 8.ActiveCfg = Debug|Windows Phone 8
		{DB33E3AA-BD3B-4461-851D-BDE888335AF2}.Debug|Windows Phone 8.Build.0 = Debug|Windows Phone 8
		{DB33E3AA-BD3B-4461-851D-BDE888335AF2}.Debug|Windows Phone 8.Deploy.0 = Debug|Windows Phone 8
		{DB33E3AA-BD3B-4461-851D-BDE888335AF2}.Debug|Windows-AnyCPU.ActiveCfg = Debug|Windows-AnyCPU
		{DB33E3AA-BD3B-4461-851D-BDE888335AF2}.Debug|Windows-AnyCPU.Build.0 = Debug|Windows-AnyCPU
		{DB33E3AA-BD3B-4461-851D-BDE888335AF2}.Debug|Windows-AnyCPU.Deploy.0 = Debug|Windows-AnyCPU
		{DB33E3AA-BD3B-4461-851D-BDE888335AF2}.Debug|Windows-ARM.ActiveCfg = Debug|Windows-ARM
		{DB33E3AA-BD3B-4461-851D-BDE888335AF2}.Debug|Windows-ARM.Build.0 = Debug|Windows-ARM
		{DB33E3AA-BD3B-4461-851D-BDE888335AF2}.Debug|Windows-ARM.Deploy.0 = Debug|Windows-ARM
		{DB33E3AA-BD3B-4461-851D-BDE888335AF2}.Debug|Windows-x64.ActiveCfg = Debug|Windows-x64
		{DB33E3AA-BD3B-4461-851D-BDE888335AF2}.Debug|Windows-x64.Build.0 = Debug|Windows-x64
		{DB33E3AA-BD3B-4461-851D-BDE888335AF2}.Debug|Windows-x64.Deploy.0 = Debug|Windows-x64
		{DB33E3AA-BD3B-4461-851D-BDE888335AF2}.Debug|Windows-x86.ActiveCfg = Debug|Windows-x86
		{DB33E3AA-BD3B-4461-851D-BDE888335AF2}.Debug|Windows-x86.Build.0 = Debug|Windows-x86
		{DB33E3AA-BD3B-4461-851D-BDE888335AF2}.Debug|Windows-x86.Deploy.0 = Debug|Windows-x86
		{DB33E3AA-BD3B-4461-851D-BDE888335AF2}.Release|Android.ActiveCfg = Release|Android
		{DB33E3AA-BD3B-4461-851D-BDE888335AF2}.Release|Android.Build.0 = Release|Android
		{DB33E3AA-BD3B-4461-851D-BDE888335AF2}.Release|Android.Deploy.0 = Release|Android
		{DB33E3AA-BD3B-4461-851D-BDE888335AF2}.Release|Any CPU.ActiveCfg = Release|Android
		{DB33E3AA-BD3B-4461-851D-BDE888335AF2}.Release|iOS.ActiveCfg = Release|iOS
		{DB33E3AA-BD3B-4461-851D-BDE888335AF2}.Release|iOS.Build.0 = Release|iOS
		{DB33E3AA-BD3B-4461-851D-BDE888335AF2}.Release|iOS.Deploy.0 = Release|iOS
		{DB33E3AA-BD3B-4461-851D-BDE888335AF2}.Release|Windows Phone (Universal).ActiveCfg = Release|Windows Phone (Universal)
		{DB33E3AA-BD3B-4461-851D-BDE888335AF2}.Release|Windows Phone (Universal).Build.0 = Release|Windows Phone (Universal)
		{DB33E3AA-BD3B-4461-851D-BDE888335AF2}.Release|Windows Phone (Universal).Deploy.0 = Release|Windows Phone (Universal)
		{DB33E3AA-BD3B-4461-851D-BDE888335AF2}.Release|Windows Phone 8.ActiveCfg = Release|Windows Phone 8
		{DB33E3AA-BD3B-4461-851D-BDE888335AF2}.Release|Windows Phone 8.Build.0 = Release|Windows Phone 8
		{DB33E3AA-BD3B-4461-851D-BDE888335AF2}.Release|Windows Phone 8.Deploy.0 = Release|Windows Phone 8
		{DB33E3AA-BD3B-4461-851D-BDE888335AF2}.Release|Windows-AnyCPU.ActiveCfg = Release|Windows-AnyCPU
		{DB33E3AA-BD3B-4461-851D-BDE888335AF2}.Release|Windows-AnyCPU.Build.0 = Release|Windows-AnyCPU
		{DB33E3AA-BD3B-4461-851D-BDE888335AF2}.Release|Windows-AnyCPU.Deploy.0 = Release|Windows-AnyCPU
		{DB33E3AA-BD3B-4461-851D-BDE888335AF2}.Release|Windows-ARM.ActiveCfg = Release|Windows-ARM
		{DB33E3AA-BD3B-4461-851D-BDE888335AF2}.Release|Windows-ARM.Build.0 = Release|Windows-ARM
		{DB33E3AA-BD3B-4461-851D-BDE888335AF2}.Release|Windows-ARM.Deploy.0 = Release|Windows-ARM
		{DB33E3AA-BD3B-4461-851D-BDE888335AF2}.Release|Windows-x64.ActiveCfg = Release|Windows-x64
		{DB33E3AA-BD3B-4461-851D-BDE888335AF2}.Release|Windows-x64.Build.0 = Release|Windows-x64
		{DB33E3AA-BD3B-4461-851D-BDE888335AF2}.Release|Windows-x64.Deploy.0 = Release|Windows-x64
		{DB33E3AA-BD3B-4461-851D-BDE888335AF2}.Release|Windows-x86.ActiveCfg = Release|Windows-x86
		{DB33E3AA-BD3B-4461-851D-BDE888335AF2}.Release|Windows-x86.Build.0 = Release|Windows-x86
		{DB33E3AA-BD3B-4461-851D-BDE888335AF2}.Release|Windows-x86.Deploy.0 = Release|Windows-x86
		{0562AA10-4271-46D5-9B04-0D5555756975}.Debug|Android.ActiveCfg = Debug|Any CPU
		{0562AA10-4271-46D5-9B04-0D5555756975}.Debug|Android.Build.0 = Debug|Any CPU
		{0562AA10-4271-46D5-9B04-0D5555756975}.Debug|Any CPU.ActiveCfg = Debug|Any CPU
		{0562AA10-4271-46D5-9B04-0D5555756975}.Debug|Any CPU.Build.0 = Debug|Any CPU
		{0562AA10-4271-46D5-9B04-0D5555756975}.Debug|iOS.ActiveCfg = Debug|Any CPU
		{0562AA10-4271-46D5-9B04-0D5555756975}.Debug|iOS.Build.0 = Debug|Any CPU
		{0562AA10-4271-46D5-9B04-0D5555756975}.Debug|Windows Phone (Universal).ActiveCfg = Debug|Any CPU
		{0562AA10-4271-46D5-9B04-0D5555756975}.Debug|Windows Phone (Universal).Build.0 = Debug|Any CPU
		{0562AA10-4271-46D5-9B04-0D5555756975}.Debug|Windows Phone 8.ActiveCfg = Debug|Any CPU
		{0562AA10-4271-46D5-9B04-0D5555756975}.Debug|Windows Phone 8.Build.0 = Debug|Any CPU
		{0562AA10-4271-46D5-9B04-0D5555756975}.Debug|Windows-AnyCPU.ActiveCfg = Debug|Any CPU
		{0562AA10-4271-46D5-9B04-0D5555756975}.Debug|Windows-AnyCPU.Build.0 = Debug|Any CPU
		{0562AA10-4271-46D5-9B04-0D5555756975}.Debug|Windows-ARM.ActiveCfg = Debug|Any CPU
		{0562AA10-4271-46D5-9B04-0D5555756975}.Debug|Windows-ARM.Build.0 = Debug|Any CPU
		{0562AA10-4271-46D5-9B04-0D5555756975}.Debug|Windows-x64.ActiveCfg = Debug|Any CPU
		{0562AA10-4271-46D5-9B04-0D5555756975}.Debug|Windows-x64.Build.0 = Debug|Any CPU
		{0562AA10-4271-46D5-9B04-0D5555756975}.Debug|Windows-x86.ActiveCfg = Debug|Any CPU
		{0562AA10-4271-46D5-9B04-0D5555756975}.Debug|Windows-x86.Build.0 = Debug|Any CPU
		{0562AA10-4271-46D5-9B04-0D5555756975}.Release|Android.ActiveCfg = Debug|Any CPU
		{0562AA10-4271-46D5-9B04-0D5555756975}.Release|Android.Build.0 = Debug|Any CPU
		{0562AA10-4271-46D5-9B04-0D5555756975}.Release|Any CPU.ActiveCfg = Debug|Any CPU
		{0562AA10-4271-46D5-9B04-0D5555756975}.Release|Any CPU.Build.0 = Debug|Any CPU
		{0562AA10-4271-46D5-9B04-0D5555756975}.Release|iOS.ActiveCfg = Debug|Any CPU
		{0562AA10-4271-46D5-9B04-0D5555756975}.Release|iOS.Build.0 = Debug|Any CPU
		{0562AA10-4271-46D5-9B04-0D5555756975}.Release|Windows Phone (Universal).ActiveCfg = Debug|Any CPU
		{0562AA10-4271-46D5-9B04-0D5555756975}.Release|Windows Phone (Universal).Build.0 = Debug|Any CPU
		{0562AA10-4271-46D5-9B04-0D5555756975}.Release|Windows Phone 8.ActiveCfg = Debug|Any CPU
		{0562AA10-4271-46D5-9B04-0D5555756975}.Release|Windows Phone 8.Build.0 = Debug|Any CPU
		{0562AA10-4271-46D5-9B04-0D5555756975}.Release|Windows-AnyCPU.ActiveCfg = Debug|Any CPU
		{0562AA10-4271-46D5-9B04-0D5555756975}.Release|Windows-AnyCPU.Build.0 = Debug|Any CPU
		{0562AA10-4271-46D5-9B04-0D5555756975}.Release|Windows-ARM.ActiveCfg = Debug|Any CPU
		{0562AA10-4271-46D5-9B04-0D5555756975}.Release|Windows-ARM.Build.0 = Debug|Any CPU
		{0562AA10-4271-46D5-9B04-0D5555756975}.Release|Windows-x64.ActiveCfg = Debug|Any CPU
		{0562AA10-4271-46D5-9B04-0D5555756975}.Release|Windows-x64.Build.0 = Debug|Any CPU
		{0562AA10-4271-46D5-9B04-0D5555756975}.Release|Windows-x86.ActiveCfg = Debug|Any CPU
		{0562AA10-4271-46D5-9B04-0D5555756975}.Release|Windows-x86.Build.0 = Debug|Any CPU
	EndGlobalSection
	GlobalSection(SolutionProperties) = preSolution
		HideSolutionNode = FALSE
	EndGlobalSection
EndGlobal
